
Microsoft Visual Studio Solution File, Format Version 12.00
# Visual Studio Version 16
VisualStudioVersion = 16.0.31729.503
MinimumVisualStudioVersion = 10.0.40219.1
Project("{FAE04EC0-301F-11D3-BF4B-00C04F79EFBC}") = "Interface Bsp", "Interface Bsp\Interface Bsp.csproj", "{6F1FF4DF-735A-4E3C-A488-4CFB182392AB}"
EndProject
Global
	GlobalSection(SolutionConfigurationPlatforms) = preSolution
		Debug|Any CPU = Debug|Any CPU
		Release|Any CPU = Release|Any CPU
	EndGlobalSection
	GlobalSection(ProjectConfigurationPlatforms) = postSolution
		{6F1FF4DF-735A-4E3C-A488-4CFB182392AB}.Debug|Any CPU.ActiveCfg = Debug|Any CPU
		{6F1FF4DF-735A-4E3C-A488-4CFB182392AB}.Debug|Any CPU.Build.0 = Debug|Any CPU
		{6F1FF4DF-735A-4E3C-A488-4CFB182392AB}.Release|Any CPU.ActiveCfg = Release|Any CPU
		{6F1FF4DF-735A-4E3C-A488-4CFB182392AB}.Release|Any CPU.Build.0 = Release|Any CPU
	EndGlobalSection
	GlobalSection(SolutionProperties) = preSolution
		HideSolutionNode = FALSE
	EndGlobalSection
	GlobalSection(ExtensibilityGlobals) = postSolution
		SolutionGuid = {FFC2AC73-FB82-4BE1-9E63-C039A34DB4B2}
	EndGlobalSection
EndGlobal
